// !$*UTF8*$!
{
	archiveVersion = 1;
	classes = {
	};
	objectVersion = 55;
	objects = {

/* Begin PBXBuildFile section */
		274E05EF2817FA4C0091DEFC /* AppDelegate.swift in Sources */ = {isa = PBXBuildFile; fileRef = 274E05EE2817FA4C0091DEFC /* AppDelegate.swift */; };
		274E05F12817FA4C0091DEFC /* SceneDelegate.swift in Sources */ = {isa = PBXBuildFile; fileRef = 274E05F02817FA4C0091DEFC /* SceneDelegate.swift */; };
		274E05F32817FA4C0091DEFC /* ViewController.swift in Sources */ = {isa = PBXBuildFile; fileRef = 274E05F22817FA4C0091DEFC /* ViewController.swift */; };
		274E05F62817FA4C0091DEFC /* Main.storyboard in Resources */ = {isa = PBXBuildFile; fileRef = 274E05F42817FA4C0091DEFC /* Main.storyboard */; };
		274E05F92817FA4D0091DEFC /* SmartOffice.xcdatamodeld in Sources */ = {isa = PBXBuildFile; fileRef = 274E05F72817FA4D0091DEFC /* SmartOffice.xcdatamodeld */; };
		274E05FB2817FA510091DEFC /* Assets.xcassets in Resources */ = {isa = PBXBuildFile; fileRef = 274E05FA2817FA510091DEFC /* Assets.xcassets */; };
		274E05FE2817FA510091DEFC /* LaunchScreen.storyboard in Resources */ = {isa = PBXBuildFile; fileRef = 274E05FC2817FA510091DEFC /* LaunchScreen.storyboard */; };
		274E060F2817FF770091DEFC /* HttpUtility.swift in Sources */ = {isa = PBXBuildFile; fileRef = 274E060E2817FF770091DEFC /* HttpUtility.swift */; };
		274E06112817FF9C0091DEFC /* LoginValidation.swift in Sources */ = {isa = PBXBuildFile; fileRef = 274E06102817FF9C0091DEFC /* LoginValidation.swift */; };
		274E06132817FFE60091DEFC /* ValidationResult.swift in Sources */ = {isa = PBXBuildFile; fileRef = 274E06122817FFE60091DEFC /* ValidationResult.swift */; };
		274E0615281800010091DEFC /* LoginResource.swift in Sources */ = {isa = PBXBuildFile; fileRef = 274E0614281800010091DEFC /* LoginResource.swift */; };
		274E0617281800210091DEFC /* Common.swift in Sources */ = {isa = PBXBuildFile; fileRef = 274E0616281800210091DEFC /* Common.swift */; };
		274E0619281800410091DEFC /* LoginResponse.swift in Sources */ = {isa = PBXBuildFile; fileRef = 274E0618281800410091DEFC /* LoginResponse.swift */; };
		274E061B281800590091DEFC /* LoginRequest.swift in Sources */ = {isa = PBXBuildFile; fileRef = 274E061A281800590091DEFC /* LoginRequest.swift */; };
		274E061D2818008E0091DEFC /* LoginViewController.swift in Sources */ = {isa = PBXBuildFile; fileRef = 274E061C2818008E0091DEFC /* LoginViewController.swift */; };
		274E0620281800EA0091DEFC /* LoginExtension.swift in Sources */ = {isa = PBXBuildFile; fileRef = 274E061F281800EA0091DEFC /* LoginExtension.swift */; };
		274E0622281801450091DEFC /* LoginViewModel.swift in Sources */ = {isa = PBXBuildFile; fileRef = 274E0621281801450091DEFC /* LoginViewModel.swift */; };
/* End PBXBuildFile section */

/* Begin PBXFileReference section */
		274E05EB2817FA4C0091DEFC /* SmartOffice.app */ = {isa = PBXFileReference; explicitFileType = wrapper.application; includeInIndex = 0; path = SmartOffice.app; sourceTree = BUILT_PRODUCTS_DIR; };
		274E05EE2817FA4C0091DEFC /* AppDelegate.swift */ = {isa = PBXFileReference; lastKnownFileType = sourcecode.swift; path = AppDelegate.swift; sourceTree = "<group>"; };
		274E05F02817FA4C0091DEFC /* SceneDelegate.swift */ = {isa = PBXFileReference; lastKnownFileType = sourcecode.swift; path = SceneDelegate.swift; sourceTree = "<group>"; };
		274E05F22817FA4C0091DEFC /* ViewController.swift */ = {isa = PBXFileReference; lastKnownFileType = sourcecode.swift; path = ViewController.swift; sourceTree = "<group>"; };
		274E05F52817FA4C0091DEFC /* Base */ = {isa = PBXFileReference; lastKnownFileType = file.storyboard; name = Base; path = Base.lproj/Main.storyboard; sourceTree = "<group>"; };
		274E05F82817FA4D0091DEFC /* SmartOffice.xcdatamodel */ = {isa = PBXFileReference; lastKnownFileType = wrapper.xcdatamodel; path = SmartOffice.xcdatamodel; sourceTree = "<group>"; };
		274E05FA2817FA510091DEFC /* Assets.xcassets */ = {isa = PBXFileReference; lastKnownFileType = folder.assetcatalog; path = Assets.xcassets; sourceTree = "<group>"; };
		274E05FD2817FA510091DEFC /* Base */ = {isa = PBXFileReference; lastKnownFileType = file.storyboard; name = Base; path = Base.lproj/LaunchScreen.storyboard; sourceTree = "<group>"; };
		274E05FF2817FA510091DEFC /* Info.plist */ = {isa = PBXFileReference; lastKnownFileType = text.plist.xml; path = Info.plist; sourceTree = "<group>"; };
		274E060E2817FF770091DEFC /* HttpUtility.swift */ = {isa = PBXFileReference; lastKnownFileType = sourcecode.swift; path = HttpUtility.swift; sourceTree = "<group>"; };
		274E06102817FF9C0091DEFC /* LoginValidation.swift */ = {isa = PBXFileReference; lastKnownFileType = sourcecode.swift; path = LoginValidation.swift; sourceTree = "<group>"; };
		274E06122817FFE60091DEFC /* ValidationResult.swift */ = {isa = PBXFileReference; lastKnownFileType = sourcecode.swift; path = ValidationResult.swift; sourceTree = "<group>"; };
		274E0614281800010091DEFC /* LoginResource.swift */ = {isa = PBXFileReference; lastKnownFileType = sourcecode.swift; path = LoginResource.swift; sourceTree = "<group>"; };
		274E0616281800210091DEFC /* Common.swift */ = {isa = PBXFileReference; lastKnownFileType = sourcecode.swift; path = Common.swift; sourceTree = "<group>"; };
		274E0618281800410091DEFC /* LoginResponse.swift */ = {isa = PBXFileReference; lastKnownFileType = sourcecode.swift; path = LoginResponse.swift; sourceTree = "<group>"; };
		274E061A281800590091DEFC /* LoginRequest.swift */ = {isa = PBXFileReference; lastKnownFileType = sourcecode.swift; path = LoginRequest.swift; sourceTree = "<group>"; };
		274E061C2818008E0091DEFC /* LoginViewController.swift */ = {isa = PBXFileReference; lastKnownFileType = sourcecode.swift; path = LoginViewController.swift; sourceTree = "<group>"; };
		274E061F281800EA0091DEFC /* LoginExtension.swift */ = {isa = PBXFileReference; lastKnownFileType = sourcecode.swift; path = LoginExtension.swift; sourceTree = "<group>"; };
		274E0621281801450091DEFC /* LoginViewModel.swift */ = {isa = PBXFileReference; lastKnownFileType = sourcecode.swift; path = LoginViewModel.swift; sourceTree = "<group>"; };
/* End PBXFileReference section */

/* Begin PBXFrameworksBuildPhase section */
		274E05E82817FA4C0091DEFC /* Frameworks */ = {
			isa = PBXFrameworksBuildPhase;
			buildActionMask = 2147483647;
			files = (
			);
			runOnlyForDeploymentPostprocessing = 0;
		};
/* End PBXFrameworksBuildPhase section */

/* Begin PBXGroup section */
		274E05E22817FA4C0091DEFC = {
			isa = PBXGroup;
			children = (
				274E05ED2817FA4C0091DEFC /* SmartOffice */,
				274E05EC2817FA4C0091DEFC /* Products */,
			);
			sourceTree = "<group>";
		};
		274E05EC2817FA4C0091DEFC /* Products */ = {
			isa = PBXGroup;
			children = (
				274E05EB2817FA4C0091DEFC /* SmartOffice.app */,
			);
			name = Products;
			sourceTree = "<group>";
		};
		274E05ED2817FA4C0091DEFC /* SmartOffice */ = {
			isa = PBXGroup;
			children = (
				274E06062817FE360091DEFC /* Service */,
				274E06072817FE3F0091DEFC /* Validation */,
				274E06082817FE5C0091DEFC /* DataResources */,
				274E06092817FE700091DEFC /* Common */,
				274E06052817FE1C0091DEFC /* MVVM */,
				274E05EE2817FA4C0091DEFC /* AppDelegate.swift */,
				274E05F02817FA4C0091DEFC /* SceneDelegate.swift */,
				274E05F22817FA4C0091DEFC /* ViewController.swift */,
				274E05F42817FA4C0091DEFC /* Main.storyboard */,
				274E05FA2817FA510091DEFC /* Assets.xcassets */,
				274E05FC2817FA510091DEFC /* LaunchScreen.storyboard */,
				274E05FF2817FA510091DEFC /* Info.plist */,
				274E05F72817FA4D0091DEFC /* SmartOffice.xcdatamodeld */,
			);
			path = SmartOffice;
			sourceTree = "<group>";
		};
		274E06052817FE1C0091DEFC /* MVVM */ = {
			isa = PBXGroup;
			children = (
				274E060B2817FE9F0091DEFC /* Model */,
				274E060C2817FEA80091DEFC /* View */,
				274E060D2817FEB00091DEFC /* ViewModel */,
			);
			path = MVVM;
			sourceTree = "<group>";
		};
		274E06062817FE360091DEFC /* Service */ = {
			isa = PBXGroup;
			children = (
				274E060E2817FF770091DEFC /* HttpUtility.swift */,
			);
			path = Service;
			sourceTree = "<group>";
		};
		274E06072817FE3F0091DEFC /* Validation */ = {
			isa = PBXGroup;
			children = (
				274E06102817FF9C0091DEFC /* LoginValidation.swift */,
				274E06122817FFE60091DEFC /* ValidationResult.swift */,
			);
			path = Validation;
			sourceTree = "<group>";
		};
		274E06082817FE5C0091DEFC /* DataResources */ = {
			isa = PBXGroup;
			children = (
				274E0614281800010091DEFC /* LoginResource.swift */,
			);
			path = DataResources;
			sourceTree = "<group>";
		};
		274E06092817FE700091DEFC /* Common */ = {
			isa = PBXGroup;
			children = (
				274E0616281800210091DEFC /* Common.swift */,
			);
			path = Common;
			sourceTree = "<group>";
		};
		274E060B2817FE9F0091DEFC /* Model */ = {
			isa = PBXGroup;
			children = (
				274E0618281800410091DEFC /* LoginResponse.swift */,
				274E061A281800590091DEFC /* LoginRequest.swift */,
			);
			path = Model;
			sourceTree = "<group>";
		};
		274E060C2817FEA80091DEFC /* View */ = {
			isa = PBXGroup;
			children = (
				274E061E281800D60091DEFC /* Extensions */,
				274E061C2818008E0091DEFC /* LoginViewController.swift */,
			);
			path = View;
			sourceTree = "<group>";
		};
		274E060D2817FEB00091DEFC /* ViewModel */ = {
			isa = PBXGroup;
			children = (
				274E0621281801450091DEFC /* LoginViewModel.swift */,
			);
			path = ViewModel;
			sourceTree = "<group>";
		};
		274E061E281800D60091DEFC /* Extensions */ = {
			isa = PBXGroup;
			children = (
				274E061F281800EA0091DEFC /* LoginExtension.swift */,
			);
			path = Extensions;
			sourceTree = "<group>";
		};
/* End PBXGroup section */

/* Begin PBXNativeTarget section */
		274E05EA2817FA4C0091DEFC /* SmartOffice */ = {
			isa = PBXNativeTarget;
			buildConfigurationList = 274E06022817FA510091DEFC /* Build configuration list for PBXNativeTarget "SmartOffice" */;
			buildPhases = (
				274E05E72817FA4C0091DEFC /* Sources */,
				274E05E82817FA4C0091DEFC /* Frameworks */,
				274E05E92817FA4C0091DEFC /* Resources */,
			);
			buildRules = (
			);
			dependencies = (
			);
			name = SmartOffice;
			productName = SmartOffice;
			productReference = 274E05EB2817FA4C0091DEFC /* SmartOffice.app */;
			productType = "com.apple.product-type.application";
		};
/* End PBXNativeTarget section */

/* Begin PBXProject section */
		274E05E32817FA4C0091DEFC /* Project object */ = {
			isa = PBXProject;
			attributes = {
				BuildIndependentTargetsInParallel = 1;
				LastSwiftUpdateCheck = 1300;
				LastUpgradeCheck = 1300;
				TargetAttributes = {
					274E05EA2817FA4C0091DEFC = {
						CreatedOnToolsVersion = 13.0;
					};
				};
			};
			buildConfigurationList = 274E05E62817FA4C0091DEFC /* Build configuration list for PBXProject "SmartOffice" */;
			compatibilityVersion = "Xcode 13.0";
			developmentRegion = en;
			hasScannedForEncodings = 0;
			knownRegions = (
				en,
				Base,
			);
			mainGroup = 274E05E22817FA4C0091DEFC;
			productRefGroup = 274E05EC2817FA4C0091DEFC /* Products */;
			projectDirPath = "";
			projectRoot = "";
			targets = (
				274E05EA2817FA4C0091DEFC /* SmartOffice */,
			);
		};
/* End PBXProject section */

/* Begin PBXResourcesBuildPhase section */
		274E05E92817FA4C0091DEFC /* Resources */ = {
			isa = PBXResourcesBuildPhase;
			buildActionMask = 2147483647;
			files = (
				274E05FE2817FA510091DEFC /* LaunchScreen.storyboard in Resources */,
				274E05FB2817FA510091DEFC /* Assets.xcassets in Resources */,
				274E05F62817FA4C0091DEFC /* Main.storyboard in Resources */,
			);
			runOnlyForDeploymentPostprocessing = 0;
		};
/* End PBXResourcesBuildPhase section */

/* Begin PBXSourcesBuildPhase section */
		274E05E72817FA4C0091DEFC /* Sources */ = {
			isa = PBXSourcesBuildPhase;
			buildActionMask = 2147483647;
			files = (
				274E061D2818008E0091DEFC /* LoginViewController.swift in Sources */,
				274E060F2817FF770091DEFC /* HttpUtility.swift in Sources */,
				274E05F32817FA4C0091DEFC /* ViewController.swift in Sources */,
				274E05EF2817FA4C0091DEFC /* AppDelegate.swift in Sources */,
				274E05F12817FA4C0091DEFC /* SceneDelegate.swift in Sources */,
				274E0619281800410091DEFC /* LoginResponse.swift in Sources */,
				274E0622281801450091DEFC /* LoginViewModel.swift in Sources */,
				274E0617281800210091DEFC /* Common.swift in Sources */,
				274E06132817FFE60091DEFC /* ValidationResult.swift in Sources */,
				274E06112817FF9C0091DEFC /* LoginValidation.swift in Sources */,
				274E05F92817FA4D0091DEFC /* SmartOffice.xcdatamodeld in Sources */,
				274E0615281800010091DEFC /* LoginResource.swift in Sources */,
				274E0620281800EA0091DEFC /* LoginExtension.swift in Sources */,
				274E061B281800590091DEFC /* LoginRequest.swift in Sources */,
			);
			runOnlyForDeploymentPostprocessing = 0;
		};
/* End PBXSourcesBuildPhase section */

/* Begin PBXVariantGroup section */
		274E05F42817FA4C0091DEFC /* Main.storyboard */ = {
			isa = PBXVariantGroup;
			children = (
				274E05F52817FA4C0091DEFC /* Base */,
			);
			name = Main.storyboard;
			sourceTree = "<group>";
		};
		274E05FC2817FA510091DEFC /* LaunchScreen.storyboard */ = {
			isa = PBXVariantGroup;
			children = (
				274E05FD2817FA510091DEFC /* Base */,
			);
			name = LaunchScreen.storyboard;
			sourceTree = "<group>";
		};
/* End PBXVariantGroup section */

/* Begin XCBuildConfiguration section */
		274E06002817FA510091DEFC /* Debug */ = {
			isa = XCBuildConfiguration;
			buildSettings = {
				ALWAYS_SEARCH_USER_PATHS = NO;
				CLANG_ANALYZER_NONNULL = YES;
				CLANG_ANALYZER_NUMBER_OBJECT_CONVERSION = YES_AGGRESSIVE;
				CLANG_CXX_LANGUAGE_STANDARD = "gnu++17";
				CLANG_CXX_LIBRARY = "libc++";
				CLANG_ENABLE_MODULES = YES;
				CLANG_ENABLE_OBJC_ARC = YES;
				CLANG_ENABLE_OBJC_WEAK = YES;
				CLANG_WARN_BLOCK_CAPTURE_AUTORELEASING = YES;
				CLANG_WARN_BOOL_CONVERSION = YES;
				CLANG_WARN_COMMA = YES;
				CLANG_WARN_CONSTANT_CONVERSION = YES;
				CLANG_WARN_DEPRECATED_OBJC_IMPLEMENTATIONS = YES;
				CLANG_WARN_DIRECT_OBJC_ISA_USAGE = YES_ERROR;
				CLANG_WARN_DOCUMENTATION_COMMENTS = YES;
				CLANG_WARN_EMPTY_BODY = YES;
				CLANG_WARN_ENUM_CONVERSION = YES;
				CLANG_WARN_INFINITE_RECURSION = YES;
				CLANG_WARN_INT_CONVERSION = YES;
				CLANG_WARN_NON_LITERAL_NULL_CONVERSION = YES;
				CLANG_WARN_OBJC_IMPLICIT_RETAIN_SELF = YES;
				CLANG_WARN_OBJC_LITERAL_CONVERSION = YES;
				CLANG_WARN_OBJC_ROOT_CLASS = YES_ERROR;
				CLANG_WARN_QUOTED_INCLUDE_IN_FRAMEWORK_HEADER = YES;
				CLANG_WARN_RANGE_LOOP_ANALYSIS = YES;
				CLANG_WARN_STRICT_PROTOTYPES = YES;
				CLANG_WARN_SUSPICIOUS_MOVE = YES;
				CLANG_WARN_UNGUARDED_AVAILABILITY = YES_AGGRESSIVE;
				CLANG_WARN_UNREACHABLE_CODE = YES;
				CLANG_WARN__DUPLICATE_METHOD_MATCH = YES;
				COPY_PHASE_STRIP = NO;
				DEBUG_INFORMATION_FORMAT = dwarf;
				ENABLE_STRICT_OBJC_MSGSEND = YES;
				ENABLE_TESTABILITY = YES;
				GCC_C_LANGUAGE_STANDARD = gnu11;
				GCC_DYNAMIC_NO_PIC = NO;
				GCC_NO_COMMON_BLOCKS = YES;
				GCC_OPTIMIZATION_LEVEL = 0;
				GCC_PREPROCESSOR_DEFINITIONS = (
					"DEBUG=1",
					"$(inherited)",
				);
				GCC_WARN_64_TO_32_BIT_CONVERSION = YES;
				GCC_WARN_ABOUT_RETURN_TYPE = YES_ERROR;
				GCC_WARN_UNDECLARED_SELECTOR = YES;
				GCC_WARN_UNINITIALIZED_AUTOS = YES_AGGRESSIVE;
				GCC_WARN_UNUSED_FUNCTION = YES;
				GCC_WARN_UNUSED_VARIABLE = YES;
				IPHONEOS_DEPLOYMENT_TARGET = 15.0;
				MTL_ENABLE_DEBUG_INFO = INCLUDE_SOURCE;
				MTL_FAST_MATH = YES;
				ONLY_ACTIVE_ARCH = YES;
				SDKROOT = iphoneos;
				SWIFT_ACTIVE_COMPILATION_CONDITIONS = DEBUG;
				SWIFT_OPTIMIZATION_LEVEL = "-Onone";
			};
			name = Debug;
		};
		274E06012817FA510091DEFC /* Release */ = {
			isa = XCBuildConfiguration;
			buildSettings = {
				ALWAYS_SEARCH_USER_PATHS = NO;
				CLANG_ANALYZER_NONNULL = YES;
				CLANG_ANALYZER_NUMBER_OBJECT_CONVERSION = YES_AGGRESSIVE;
				CLANG_CXX_LANGUAGE_STANDARD = "gnu++17";
				CLANG_CXX_LIBRARY = "libc++";
				CLANG_ENABLE_MODULES = YES;
				CLANG_ENABLE_OBJC_ARC = YES;
				CLANG_ENABLE_OBJC_WEAK = YES;
				CLANG_WARN_BLOCK_CAPTURE_AUTORELEASING = YES;
				CLANG_WARN_BOOL_CONVERSION = YES;
				CLANG_WARN_COMMA = YES;
				CLANG_WARN_CONSTANT_CONVERSION = YES;
				CLANG_WARN_DEPRECATED_OBJC_IMPLEMENTATIONS = YES;
				CLANG_WARN_DIRECT_OBJC_ISA_USAGE = YES_ERROR;
				CLANG_WARN_DOCUMENTATION_COMMENTS = YES;
				CLANG_WARN_EMPTY_BODY = YES;
				CLANG_WARN_ENUM_CONVERSION = YES;
				CLANG_WARN_INFINITE_RECURSION = YES;
				CLANG_WARN_INT_CONVERSION = YES;
				CLANG_WARN_NON_LITERAL_NULL_CONVERSION = YES;
				CLANG_WARN_OBJC_IMPLICIT_RETAIN_SELF = YES;
				CLANG_WARN_OBJC_LITERAL_CONVERSION = YES;
				CLANG_WARN_OBJC_ROOT_CLASS = YES_ERROR;
				CLANG_WARN_QUOTED_INCLUDE_IN_FRAMEWORK_HEADER = YES;
				CLANG_WARN_RANGE_LOOP_ANALYSIS = YES;
				CLANG_WARN_STRICT_PROTOTYPES = YES;
				CLANG_WARN_SUSPICIOUS_MOVE = YES;
				CLANG_WARN_UNGUARDED_AVAILABILITY = YES_AGGRESSIVE;
				CLANG_WARN_UNREACHABLE_CODE = YES;
				CLANG_WARN__DUPLICATE_METHOD_MATCH = YES;
				COPY_PHASE_STRIP = NO;
				DEBUG_INFORMATION_FORMAT = "dwarf-with-dsym";
				ENABLE_NS_ASSERTIONS = NO;
				ENABLE_STRICT_OBJC_MSGSEND = YES;
				GCC_C_LANGUAGE_STANDARD = gnu11;
				GCC_NO_COMMON_BLOCKS = YES;
				GCC_WARN_64_TO_32_BIT_CONVERSION = YES;
				GCC_WARN_ABOUT_RETURN_TYPE = YES_ERROR;
				GCC_WARN_UNDECLARED_SELECTOR = YES;
				GCC_WARN_UNINITIALIZED_AUTOS = YES_AGGRESSIVE;
				GCC_WARN_UNUSED_FUNCTION = YES;
				GCC_WARN_UNUSED_VARIABLE = YES;
				IPHONEOS_DEPLOYMENT_TARGET = 15.0;
				MTL_ENABLE_DEBUG_INFO = NO;
				MTL_FAST_MATH = YES;
				SDKROOT = iphoneos;
				SWIFT_COMPILATION_MODE = wholemodule;
				SWIFT_OPTIMIZATION_LEVEL = "-O";
				VALIDATE_PRODUCT = YES;
			};
			name = Release;
		};
		274E06032817FA510091DEFC /* Debug */ = {
			isa = XCBuildConfiguration;
			buildSettings = {
				ASSETCATALOG_COMPILER_APPICON_NAME = AppIcon;
				ASSETCATALOG_COMPILER_GLOBAL_ACCENT_COLOR_NAME = AccentColor;
				CODE_SIGN_STYLE = Automatic;
				CURRENT_PROJECT_VERSION = 1;
				DEVELOPMENT_TEAM = 6BF9ZGVZZA;
				GENERATE_INFOPLIST_FILE = YES;
				INFOPLIST_FILE = SmartOffice/Info.plist;
				INFOPLIST_KEY_UIApplicationSupportsIndirectInputEvents = YES;
				INFOPLIST_KEY_UILaunchStoryboardName = LaunchScreen;
				INFOPLIST_KEY_UIMainStoryboardFile = Main;
				INFOPLIST_KEY_UISupportedInterfaceOrientations_iPad = "UIInterfaceOrientationPortrait UIInterfaceOrientationPortraitUpsideDown UIInterfaceOrientationLandscapeLeft UIInterfaceOrientationLandscapeRight";
				INFOPLIST_KEY_UISupportedInterfaceOrientations_iPhone = "UIInterfaceOrientationPortrait UIInterfaceOrientationLandscapeLeft UIInterfaceOrientationLandscapeRight";
				LD_RUNPATH_SEARCH_PATHS = (
					"$(inherited)",
					"@executable_path/Frameworks",
				);
				MARKETING_VERSION = 1.0;
				PRODUCT_BUNDLE_IDENTIFIER = com.home.SmartOffice;
				PRODUCT_NAME = "$(TARGET_NAME)";
				SWIFT_EMIT_LOC_STRINGS = YES;
				SWIFT_VERSION = 5.0;
				TARGETED_DEVICE_FAMILY = "1,2";
			};
			name = Debug;
		};
		274E06042817FA510091DEFC /* Release */ = {
			isa = XCBuildConfiguration;
			buildSettings = {
				ASSETCATALOG_COMPILER_APPICON_NAME = AppIcon;
				ASSETCATALOG_COMPILER_GLOBAL_ACCENT_COLOR_NAME = AccentColor;
				CODE_SIGN_STYLE = Automatic;
				CURRENT_PROJECT_VERSION = 1;
				DEVELOPMENT_TEAM = 6BF9ZGVZZA;
				GENERATE_INFOPLIST_FILE = YES;
				INFOPLIST_FILE = SmartOffice/Info.plist;
				INFOPLIST_KEY_UIApplicationSupportsIndirectInputEvents = YES;
				INFOPLIST_KEY_UILaunchStoryboardName = LaunchScreen;
				INFOPLIST_KEY_UIMainStoryboardFile = Main;
				INFOPLIST_KEY_UISupportedInterfaceOrientations_iPad = "UIInterfaceOrientationPortrait UIInterfaceOrientationPortraitUpsideDown UIInterfaceOrientationLandscapeLeft UIInterfaceOrientationLandscapeRight";
				INFOPLIST_KEY_UISupportedInterfaceOrientations_iPhone = "UIInterfaceOrientationPortrait UIInterfaceOrientationLandscapeLeft UIInterfaceOrientationLandscapeRight";
				LD_RUNPATH_SEARCH_PATHS = (
					"$(inherited)",
					"@executable_path/Frameworks",
				);
				MARKETING_VERSION = 1.0;
				PRODUCT_BUNDLE_IDENTIFIER = com.home.SmartOffice;
				PRODUCT_NAME = "$(TARGET_NAME)";
				SWIFT_EMIT_LOC_STRINGS = YES;
				SWIFT_VERSION = 5.0;
				TARGETED_DEVICE_FAMILY = "1,2";
			};
			name = Release;
		};
/* End XCBuildConfiguration section */

/* Begin XCConfigurationList section */
		274E05E62817FA4C0091DEFC /* Build configuration list for PBXProject "SmartOffice" */ = {
			isa = XCConfigurationList;
			buildConfigurations = (
				274E06002817FA510091DEFC /* Debug */,
				274E06012817FA510091DEFC /* Release */,
			);
			defaultConfigurationIsVisible = 0;
			defaultConfigurationName = Release;
		};
		274E06022817FA510091DEFC /* Build configuration list for PBXNativeTarget "SmartOffice" */ = {
			isa = XCConfigurationList;
			buildConfigurations = (
				274E06032817FA510091DEFC /* Debug */,
				274E06042817FA510091DEFC /* Release */,
			);
			defaultConfigurationIsVisible = 0;
			defaultConfigurationName = Release;
		};
/* End XCConfigurationList section */

/* Begin XCVersionGroup section */
		274E05F72817FA4D0091DEFC /* SmartOffice.xcdatamodeld */ = {
			isa = XCVersionGroup;
			children = (
				274E05F82817FA4D0091DEFC /* SmartOffice.xcdatamodel */,
			);
			currentVersion = 274E05F82817FA4D0091DEFC /* SmartOffice.xcdatamodel */;
			path = SmartOffice.xcdatamodeld;
			sourceTree = "<group>";
			versionGroupType = wrapper.xcdatamodel;
		};
/* End XCVersionGroup section */
	};
	rootObject = 274E05E32817FA4C0091DEFC /* Project object */;
}
